{
  "nodes": {
    "nixpkgs": {
      "locked": {
        "lastModified": 1743367904,
        "narHash": "sha256-sOos1jZGKmT6xxPvxGQyPTApOunXvScV4lNjBCXd/CI=",
        "rev": "7ffe0edc685f14b8c635e3d6591b0bbb97365e6c",
        "revCount": 716438,
        "type": "tarball",
        "url": "https://api.flakehub.com/f/pinned/NixOS/nixpkgs/0.2411.716438%2Brev-7ffe0edc685f14b8c635e3d6591b0bbb97365e6c/0195eb7b-fb36-7030-ad30-51b9576f6073/source.tar.gz"
      },
      "original": {
        "type": "tarball",
        "url": "https://flakehub.com/f/NixOS/nixpkgs/0"
      }
    },
    "root": {
      "inputs": {
        "nixpkgs": "nixpkgs"
      }
    }
  },
  "root": "root",
  "version": 7
}
